
Microsoft Visual Studio Solution File, Format Version 12.00
# Visual Studio Version 17
VisualStudioVersion = 17.14.36429.23 d17.14
MinimumVisualStudioVersion = 10.0.40219.1
Project("{FAE04EC0-301F-11D3-BF4B-00C04F79EFBC}") = "voting_system", "voting_system.csproj", "{781EB57A-2CB5-4B04-9CC8-28510E617320}"
EndProject
Global
	GlobalSection(SolutionConfigurationPlatforms) = preSolution
		Debug|Any CPU = Debug|Any CPU
		Release|Any CPU = Release|Any CPU
	EndGlobalSection
	GlobalSection(ProjectConfigurationPlatforms) = postSolution
		{781EB57A-2CB5-4B04-9CC8-28510E617320}.Debug|Any CPU.ActiveCfg = Debug|Any CPU
		{781EB57A-2CB5-4B04-9CC8-28510E617320}.Debug|Any CPU.Build.0 = Debug|Any CPU
		{781EB57A-2CB5-4B04-9CC8-28510E617320}.Release|Any CPU.ActiveCfg = Release|Any CPU
		{781EB57A-2CB5-4B04-9CC8-28510E617320}.Release|Any CPU.Build.0 = Release|Any CPU
	EndGlobalSection
	GlobalSection(SolutionProperties) = preSolution
		HideSolutionNode = FALSE
	EndGlobalSection
	GlobalSection(ExtensibilityGlobals) = postSolution
		SolutionGuid = {EDF787C5-8ABD-4241-A9D3-342DB50055F0}
	EndGlobalSection
EndGlobal
